// !$*UTF8*$!
{
	archiveVersion = 1;
	classes = {
	};
	objectVersion = 50;
	objects = {

/* Begin PBXBuildFile section */
		4915555C21B6C41C00453356 /* AskHomeViewController.swift in Sources */ = {isa = PBXBuildFile; fileRef = 4915555B21B6C41C00453356 /* AskHomeViewController.swift */; };
		4915556421B6C9F700453356 /* TopMessageTableViewCell.swift in Sources */ = {isa = PBXBuildFile; fileRef = 4915556221B6C9F700453356 /* TopMessageTableViewCell.swift */; };
		4915556521B6C9F700453356 /* TopMessageTableViewCell.xib in Resources */ = {isa = PBXBuildFile; fileRef = 4915556321B6C9F700453356 /* TopMessageTableViewCell.xib */; };
		4915556821B6CA0500453356 /* MessageTableViewCell.swift in Sources */ = {isa = PBXBuildFile; fileRef = 4915556621B6CA0500453356 /* MessageTableViewCell.swift */; };
		4915556921B6CA0500453356 /* MessageTableViewCell.xib in Resources */ = {isa = PBXBuildFile; fileRef = 4915556721B6CA0500453356 /* MessageTableViewCell.xib */; };
		4915556C21B6CA3B00453356 /* MessageAnswerTableViewCell.swift in Sources */ = {isa = PBXBuildFile; fileRef = 4915556A21B6CA3B00453356 /* MessageAnswerTableViewCell.swift */; };
		4915556D21B6CA3B00453356 /* MessageAnswerTableViewCell.xib in Resources */ = {isa = PBXBuildFile; fileRef = 4915556B21B6CA3B00453356 /* MessageAnswerTableViewCell.xib */; };
		4915557021B6CA7000453356 /* MessageHeaderTableViewCell.swift in Sources */ = {isa = PBXBuildFile; fileRef = 4915556E21B6CA7000453356 /* MessageHeaderTableViewCell.swift */; };
		4915557121B6CA7000453356 /* MessageHeaderTableViewCell.xib in Resources */ = {isa = PBXBuildFile; fileRef = 4915556F21B6CA7000453356 /* MessageHeaderTableViewCell.xib */; };
		4915557721B77C2200453356 /* pop_heart.json in Resources */ = {isa = PBXBuildFile; fileRef = 4915557621B7784600453356 /* pop_heart.json */; };
		4915557921B77C6A00453356 /* heart.json in Resources */ = {isa = PBXBuildFile; fileRef = 4915557821B77C6A00453356 /* heart.json */; };
		4915557B21B7866A00453356 /* twitter_heart.json in Resources */ = {isa = PBXBuildFile; fileRef = 4915557A21B7866A00453356 /* twitter_heart.json */; };
		4915557D21B7876A00453356 /* favorite.json in Resources */ = {isa = PBXBuildFile; fileRef = 4915557C21B7876A00453356 /* favorite.json */; };
		4915557F21B787AC00453356 /* like.json in Resources */ = {isa = PBXBuildFile; fileRef = 4915557E21B787AC00453356 /* like.json */; };
		4976661A21B4621F00AB98FB /* Sign.storyboard in Resources */ = {isa = PBXBuildFile; fileRef = 4976661921B4621F00AB98FB /* Sign.storyboard */; };
		4976661C21B4622400AB98FB /* Home.storyboard in Resources */ = {isa = PBXBuildFile; fileRef = 4976661B21B4622400AB98FB /* Home.storyboard */; };
		4976661E21B4623B00AB98FB /* Notification.storyboard in Resources */ = {isa = PBXBuildFile; fileRef = 4976661D21B4623B00AB98FB /* Notification.storyboard */; };
		4976662021B4624200AB98FB /* MyPage.storyboard in Resources */ = {isa = PBXBuildFile; fileRef = 4976661F21B4624200AB98FB /* MyPage.storyboard */; };
		4976662221B5270D00AB98FB /* TableView+CC.swift in Sources */ = {isa = PBXBuildFile; fileRef = 4976662121B5270D00AB98FB /* TableView+CC.swift */; };
		4976662421B5272700AB98FB /* UIStoryboard+CC.swift in Sources */ = {isa = PBXBuildFile; fileRef = 4976662321B5272700AB98FB /* UIStoryboard+CC.swift */; };
		4976662621B5275000AB98FB /* UIView+Shadow.swift in Sources */ = {isa = PBXBuildFile; fileRef = 4976662521B5275000AB98FB /* UIView+Shadow.swift */; };
		4976662821B5278900AB98FB /* UIView+CC.swift in Sources */ = {isa = PBXBuildFile; fileRef = 4976662721B5278900AB98FB /* UIView+CC.swift */; };
		4976662A21B5281600AB98FB /* UIColor+CC.swift in Sources */ = {isa = PBXBuildFile; fileRef = 4976662921B5281600AB98FB /* UIColor+CC.swift */; };
		4976662C21B52EEF00AB98FB /* NotificationMainViewController.swift in Sources */ = {isa = PBXBuildFile; fileRef = 4976662B21B52EEF00AB98FB /* NotificationMainViewController.swift */; };
		4976663221B52F3600AB98FB /* HomeViewController.swift in Sources */ = {isa = PBXBuildFile; fileRef = 4976663121B52F3600AB98FB /* HomeViewController.swift */; };
		4976663421B56B1D00AB98FB /* LoginHomeViewController.swift in Sources */ = {isa = PBXBuildFile; fileRef = 4976663321B56B1D00AB98FB /* LoginHomeViewController.swift */; };
		4976663621B56B2D00AB98FB /* SignUpViewController.swift in Sources */ = {isa = PBXBuildFile; fileRef = 4976663521B56B2D00AB98FB /* SignUpViewController.swift */; };
		4976663A21B56ED100AB98FB /* UIViewController+Navigationbar.swift in Sources */ = {isa = PBXBuildFile; fileRef = 4976663921B56ED100AB98FB /* UIViewController+Navigationbar.swift */; };
		4976663C21B5738700AB98FB /* UILabel+Color.swift in Sources */ = {isa = PBXBuildFile; fileRef = 4976663B21B5738700AB98FB /* UILabel+Color.swift */; };
		4996569B21AEFFA600576437 /* AppDelegate.swift in Sources */ = {isa = PBXBuildFile; fileRef = 4996569A21AEFFA600576437 /* AppDelegate.swift */; };
		499656A021AEFFA600576437 /* Main.storyboard in Resources */ = {isa = PBXBuildFile; fileRef = 4996569E21AEFFA600576437 /* Main.storyboard */; };
		499656A221AEFFA600576437 /* Assets.xcassets in Resources */ = {isa = PBXBuildFile; fileRef = 499656A121AEFFA600576437 /* Assets.xcassets */; };
		499656A521AEFFA600576437 /* LaunchScreen.storyboard in Resources */ = {isa = PBXBuildFile; fileRef = 499656A321AEFFA600576437 /* LaunchScreen.storyboard */; };
		E168B41D0C6D04C813A70A38 /* Pods_CC.framework in Frameworks */ = {isa = PBXBuildFile; fileRef = E83EF0E64CA951A7BD0149E4 /* Pods_CC.framework */; };
/* End PBXBuildFile section */

/* Begin PBXFileReference section */
		4915555B21B6C41C00453356 /* AskHomeViewController.swift */ = {isa = PBXFileReference; lastKnownFileType = sourcecode.swift; path = AskHomeViewController.swift; sourceTree = "<group>"; };
		4915556221B6C9F700453356 /* TopMessageTableViewCell.swift */ = {isa = PBXFileReference; lastKnownFileType = sourcecode.swift; path = TopMessageTableViewCell.swift; sourceTree = "<group>"; };
		4915556321B6C9F700453356 /* TopMessageTableViewCell.xib */ = {isa = PBXFileReference; lastKnownFileType = file.xib; path = TopMessageTableViewCell.xib; sourceTree = "<group>"; };
		4915556621B6CA0500453356 /* MessageTableViewCell.swift */ = {isa = PBXFileReference; lastKnownFileType = sourcecode.swift; path = MessageTableViewCell.swift; sourceTree = "<group>"; };
		4915556721B6CA0500453356 /* MessageTableViewCell.xib */ = {isa = PBXFileReference; lastKnownFileType = file.xib; path = MessageTableViewCell.xib; sourceTree = "<group>"; };
		4915556A21B6CA3B00453356 /* MessageAnswerTableViewCell.swift */ = {isa = PBXFileReference; lastKnownFileType = sourcecode.swift; path = MessageAnswerTableViewCell.swift; sourceTree = "<group>"; };
		4915556B21B6CA3B00453356 /* MessageAnswerTableViewCell.xib */ = {isa = PBXFileReference; lastKnownFileType = file.xib; path = MessageAnswerTableViewCell.xib; sourceTree = "<group>"; };
		4915556E21B6CA7000453356 /* MessageHeaderTableViewCell.swift */ = {isa = PBXFileReference; lastKnownFileType = sourcecode.swift; path = MessageHeaderTableViewCell.swift; sourceTree = "<group>"; };
		4915556F21B6CA7000453356 /* MessageHeaderTableViewCell.xib */ = {isa = PBXFileReference; lastKnownFileType = file.xib; path = MessageHeaderTableViewCell.xib; sourceTree = "<group>"; };
		4915557621B7784600453356 /* pop_heart.json */ = {isa = PBXFileReference; lastKnownFileType = text.json; path = pop_heart.json; sourceTree = "<group>"; };
		4915557821B77C6A00453356 /* heart.json */ = {isa = PBXFileReference; fileEncoding = 4; lastKnownFileType = text.json; path = heart.json; sourceTree = "<group>"; };
		4915557A21B7866A00453356 /* twitter_heart.json */ = {isa = PBXFileReference; fileEncoding = 4; lastKnownFileType = text.json; path = twitter_heart.json; sourceTree = "<group>"; };
		4915557C21B7876A00453356 /* favorite.json */ = {isa = PBXFileReference; fileEncoding = 4; lastKnownFileType = text.json; path = favorite.json; sourceTree = "<group>"; };
		4915557E21B787AC00453356 /* like.json */ = {isa = PBXFileReference; fileEncoding = 4; lastKnownFileType = text.json; path = like.json; sourceTree = "<group>"; };
		4976661921B4621F00AB98FB /* Sign.storyboard */ = {isa = PBXFileReference; lastKnownFileType = file.storyboard; path = Sign.storyboard; sourceTree = "<group>"; };
		4976661B21B4622400AB98FB /* Home.storyboard */ = {isa = PBXFileReference; lastKnownFileType = file.storyboard; path = Home.storyboard; sourceTree = "<group>"; };
		4976661D21B4623B00AB98FB /* Notification.storyboard */ = {isa = PBXFileReference; lastKnownFileType = file.storyboard; path = Notification.storyboard; sourceTree = "<group>"; };
		4976661F21B4624200AB98FB /* MyPage.storyboard */ = {isa = PBXFileReference; lastKnownFileType = file.storyboard; path = MyPage.storyboard; sourceTree = "<group>"; };
		4976662121B5270D00AB98FB /* TableView+CC.swift */ = {isa = PBXFileReference; lastKnownFileType = sourcecode.swift; path = "TableView+CC.swift"; sourceTree = "<group>"; };
		4976662321B5272700AB98FB /* UIStoryboard+CC.swift */ = {isa = PBXFileReference; lastKnownFileType = sourcecode.swift; path = "UIStoryboard+CC.swift"; sourceTree = "<group>"; };
		4976662521B5275000AB98FB /* UIView+Shadow.swift */ = {isa = PBXFileReference; lastKnownFileType = sourcecode.swift; path = "UIView+Shadow.swift"; sourceTree = "<group>"; };
		4976662721B5278900AB98FB /* UIView+CC.swift */ = {isa = PBXFileReference; lastKnownFileType = sourcecode.swift; path = "UIView+CC.swift"; sourceTree = "<group>"; };
		4976662921B5281600AB98FB /* UIColor+CC.swift */ = {isa = PBXFileReference; lastKnownFileType = sourcecode.swift; path = "UIColor+CC.swift"; sourceTree = "<group>"; };
		4976662B21B52EEF00AB98FB /* NotificationMainViewController.swift */ = {isa = PBXFileReference; lastKnownFileType = sourcecode.swift; path = NotificationMainViewController.swift; sourceTree = "<group>"; };
		4976663121B52F3600AB98FB /* HomeViewController.swift */ = {isa = PBXFileReference; lastKnownFileType = sourcecode.swift; path = HomeViewController.swift; sourceTree = "<group>"; };
		4976663321B56B1D00AB98FB /* LoginHomeViewController.swift */ = {isa = PBXFileReference; lastKnownFileType = sourcecode.swift; path = LoginHomeViewController.swift; sourceTree = "<group>"; };
		4976663521B56B2D00AB98FB /* SignUpViewController.swift */ = {isa = PBXFileReference; lastKnownFileType = sourcecode.swift; path = SignUpViewController.swift; sourceTree = "<group>"; };
		4976663921B56ED100AB98FB /* UIViewController+Navigationbar.swift */ = {isa = PBXFileReference; lastKnownFileType = sourcecode.swift; path = "UIViewController+Navigationbar.swift"; sourceTree = "<group>"; };
		4976663B21B5738700AB98FB /* UILabel+Color.swift */ = {isa = PBXFileReference; lastKnownFileType = sourcecode.swift; path = "UILabel+Color.swift"; sourceTree = "<group>"; };
		4996569721AEFFA600576437 /* CC.app */ = {isa = PBXFileReference; explicitFileType = wrapper.application; includeInIndex = 0; path = CC.app; sourceTree = BUILT_PRODUCTS_DIR; };
		4996569A21AEFFA600576437 /* AppDelegate.swift */ = {isa = PBXFileReference; lastKnownFileType = sourcecode.swift; path = AppDelegate.swift; sourceTree = "<group>"; };
		4996569F21AEFFA600576437 /* Base */ = {isa = PBXFileReference; lastKnownFileType = file.storyboard; name = Base; path = Base.lproj/Main.storyboard; sourceTree = "<group>"; };
		499656A121AEFFA600576437 /* Assets.xcassets */ = {isa = PBXFileReference; lastKnownFileType = folder.assetcatalog; path = Assets.xcassets; sourceTree = "<group>"; };
		499656A421AEFFA600576437 /* Base */ = {isa = PBXFileReference; lastKnownFileType = file.storyboard; name = Base; path = Base.lproj/LaunchScreen.storyboard; sourceTree = "<group>"; };
		499656A621AEFFA600576437 /* Info.plist */ = {isa = PBXFileReference; lastKnownFileType = text.plist.xml; path = Info.plist; sourceTree = "<group>"; };
		D3B58D3E3B3938E3B3E72A2C /* Pods-CC.debug.xcconfig */ = {isa = PBXFileReference; includeInIndex = 1; lastKnownFileType = text.xcconfig; name = "Pods-CC.debug.xcconfig"; path = "Pods/Target Support Files/Pods-CC/Pods-CC.debug.xcconfig"; sourceTree = "<group>"; };
		E83EF0E64CA951A7BD0149E4 /* Pods_CC.framework */ = {isa = PBXFileReference; explicitFileType = wrapper.framework; includeInIndex = 0; path = Pods_CC.framework; sourceTree = BUILT_PRODUCTS_DIR; };
		F392C98A89DF1FD44DC790F4 /* Pods-CC.release.xcconfig */ = {isa = PBXFileReference; includeInIndex = 1; lastKnownFileType = text.xcconfig; name = "Pods-CC.release.xcconfig"; path = "Pods/Target Support Files/Pods-CC/Pods-CC.release.xcconfig"; sourceTree = "<group>"; };
/* End PBXFileReference section */

/* Begin PBXFrameworksBuildPhase section */
		4996569421AEFFA600576437 /* Frameworks */ = {
			isa = PBXFrameworksBuildPhase;
			buildActionMask = 2147483647;
			files = (
				E168B41D0C6D04C813A70A38 /* Pods_CC.framework in Frameworks */,
			);
			runOnlyForDeploymentPostprocessing = 0;
		};
/* End PBXFrameworksBuildPhase section */

/* Begin PBXGroup section */
		4915556121B6C9C400453356 /* Home */ = {
			isa = PBXGroup;
			children = (
				4915556E21B6CA7000453356 /* MessageHeaderTableViewCell.swift */,
				4915556F21B6CA7000453356 /* MessageHeaderTableViewCell.xib */,
				4915556221B6C9F700453356 /* TopMessageTableViewCell.swift */,
				4915556321B6C9F700453356 /* TopMessageTableViewCell.xib */,
				4915556621B6CA0500453356 /* MessageTableViewCell.swift */,
				4915556721B6CA0500453356 /* MessageTableViewCell.xib */,
				4915556A21B6CA3B00453356 /* MessageAnswerTableViewCell.swift */,
				4915556B21B6CA3B00453356 /* MessageAnswerTableViewCell.xib */,
			);
			path = Home;
			sourceTree = "<group>";
		};
		4915557521B7783F00453356 /* Animation */ = {
			isa = PBXGroup;
			children = (
				4915557E21B787AC00453356 /* like.json */,
				4915557C21B7876A00453356 /* favorite.json */,
				4915557A21B7866A00453356 /* twitter_heart.json */,
				4915557621B7784600453356 /* pop_heart.json */,
				4915557821B77C6A00453356 /* heart.json */,
			);
			path = Animation;
			sourceTree = "<group>";
		};
		4976662D21B52EFF00AB98FB /* MyPage */ = {
			isa = PBXGroup;
			children = (
			);
			path = MyPage;
			sourceTree = "<group>";
		};
		4976662E21B52F0D00AB98FB /* Notification */ = {
			isa = PBXGroup;
			children = (
				4976662B21B52EEF00AB98FB /* NotificationMainViewController.swift */,
			);
			path = Notification;
			sourceTree = "<group>";
		};
		4976662F21B52F0E00AB98FB /* Home */ = {
			isa = PBXGroup;
			children = (
				4976663121B52F3600AB98FB /* HomeViewController.swift */,
				4915555B21B6C41C00453356 /* AskHomeViewController.swift */,
			);
			path = Home;
			sourceTree = "<group>";
		};
		4976663021B52F1400AB98FB /* Sign */ = {
			isa = PBXGroup;
			children = (
				4976663321B56B1D00AB98FB /* LoginHomeViewController.swift */,
				4976663521B56B2D00AB98FB /* SignUpViewController.swift */,
			);
			path = Sign;
			sourceTree = "<group>";
		};
		4996568E21AEFFA600576437 = {
			isa = PBXGroup;
			children = (
				4996569921AEFFA600576437 /* CC */,
				4996569821AEFFA600576437 /* Products */,
				DAC02C113FC1FF570DC26125 /* Pods */,
				E5464128CB9A3BDD95313F68 /* Frameworks */,
			);
			sourceTree = "<group>";
		};
		4996569821AEFFA600576437 /* Products */ = {
			isa = PBXGroup;
			children = (
				4996569721AEFFA600576437 /* CC.app */,
			);
			name = Products;
			sourceTree = "<group>";
		};
		4996569921AEFFA600576437 /* CC */ = {
			isa = PBXGroup;
			children = (
				4996569A21AEFFA600576437 /* AppDelegate.swift */,
				4915557521B7783F00453356 /* Animation */,
				499656B021AEFFB800576437 /* ViewController */,
				499656AF21AEFFB700576437 /* Storyboard */,
				499656AE21AEFFB600576437 /* Util */,
				499656AC21AEFFB300576437 /* Model */,
				499656B321AF001500576437 /* View */,
				499656AD21AEFFB500576437 /* SupportingFiles */,
			);
			path = CC;
			sourceTree = "<group>";
		};
		499656AC21AEFFB300576437 /* Model */ = {
			isa = PBXGroup;
			children = (
			);
			path = Model;
			sourceTree = "<group>";
		};
		499656AD21AEFFB500576437 /* SupportingFiles */ = {
			isa = PBXGroup;
			children = (
				499656A121AEFFA600576437 /* Assets.xcassets */,
				499656A621AEFFA600576437 /* Info.plist */,
			);
			path = SupportingFiles;
			sourceTree = "<group>";
		};
		499656AE21AEFFB600576437 /* Util */ = {
			isa = PBXGroup;
			children = (
				499656B221AEFFF200576437 /* Service */,
				499656B121AEFFF100576437 /* Extension */,
			);
			path = Util;
			sourceTree = "<group>";
		};
		499656AF21AEFFB700576437 /* Storyboard */ = {
			isa = PBXGroup;
			children = (
				499656A321AEFFA600576437 /* LaunchScreen.storyboard */,
				4996569E21AEFFA600576437 /* Main.storyboard */,
				4976661921B4621F00AB98FB /* Sign.storyboard */,
				4976661B21B4622400AB98FB /* Home.storyboard */,
				4976661D21B4623B00AB98FB /* Notification.storyboard */,
				4976661F21B4624200AB98FB /* MyPage.storyboard */,
			);
			path = Storyboard;
			sourceTree = "<group>";
		};
		499656B021AEFFB800576437 /* ViewController */ = {
			isa = PBXGroup;
			children = (
				4976663021B52F1400AB98FB /* Sign */,
				4976662F21B52F0E00AB98FB /* Home */,
				4976662E21B52F0D00AB98FB /* Notification */,
				4976662D21B52EFF00AB98FB /* MyPage */,
			);
			path = ViewController;
			sourceTree = "<group>";
		};
		499656B121AEFFF100576437 /* Extension */ = {
			isa = PBXGroup;
			children = (
				4976662121B5270D00AB98FB /* TableView+CC.swift */,
				4976662321B5272700AB98FB /* UIStoryboard+CC.swift */,
				4976662521B5275000AB98FB /* UIView+Shadow.swift */,
				4976662721B5278900AB98FB /* UIView+CC.swift */,
				4976662921B5281600AB98FB /* UIColor+CC.swift */,
				4976663921B56ED100AB98FB /* UIViewController+Navigationbar.swift */,
				4976663B21B5738700AB98FB /* UILabel+Color.swift */,
			);
			path = Extension;
			sourceTree = "<group>";
		};
		499656B221AEFFF200576437 /* Service */ = {
			isa = PBXGroup;
			children = (
			);
			path = Service;
			sourceTree = "<group>";
		};
		499656B321AF001500576437 /* View */ = {
			isa = PBXGroup;
			children = (
				4915556121B6C9C400453356 /* Home */,
			);
			path = View;
			sourceTree = "<group>";
		};
		DAC02C113FC1FF570DC26125 /* Pods */ = {
			isa = PBXGroup;
			children = (
				D3B58D3E3B3938E3B3E72A2C /* Pods-CC.debug.xcconfig */,
				F392C98A89DF1FD44DC790F4 /* Pods-CC.release.xcconfig */,
			);
			name = Pods;
			sourceTree = "<group>";
		};
		E5464128CB9A3BDD95313F68 /* Frameworks */ = {
			isa = PBXGroup;
			children = (
				E83EF0E64CA951A7BD0149E4 /* Pods_CC.framework */,
			);
			name = Frameworks;
			sourceTree = "<group>";
		};
/* End PBXGroup section */

/* Begin PBXNativeTarget section */
		4996569621AEFFA600576437 /* CC */ = {
			isa = PBXNativeTarget;
			buildConfigurationList = 499656A921AEFFA600576437 /* Build configuration list for PBXNativeTarget "CC" */;
			buildPhases = (
				AD4306ED55C9AF63FA99B912 /* [CP] Check Pods Manifest.lock */,
				4996569321AEFFA600576437 /* Sources */,
				4996569421AEFFA600576437 /* Frameworks */,
				4996569521AEFFA600576437 /* Resources */,
				460C99EFF3DA604C9ACBAE20 /* [CP] Embed Pods Frameworks */,
			);
			buildRules = (
			);
			dependencies = (
			);
			name = CC;
			productName = CC;
			productReference = 4996569721AEFFA600576437 /* CC.app */;
			productType = "com.apple.product-type.application";
		};
/* End PBXNativeTarget section */

/* Begin PBXProject section */
		4996568F21AEFFA600576437 /* Project object */ = {
			isa = PBXProject;
			attributes = {
				LastSwiftUpdateCheck = 1010;
				LastUpgradeCheck = 1010;
				ORGANIZATIONNAME = LeeHyeJin;
				TargetAttributes = {
					4996569621AEFFA600576437 = {
						CreatedOnToolsVersion = 10.1;
					};
				};
			};
			buildConfigurationList = 4996569221AEFFA600576437 /* Build configuration list for PBXProject "CC" */;
			compatibilityVersion = "Xcode 9.3";
			developmentRegion = en;
			hasScannedForEncodings = 0;
			knownRegions = (
				en,
				Base,
			);
			mainGroup = 4996568E21AEFFA600576437;
			productRefGroup = 4996569821AEFFA600576437 /* Products */;
			projectDirPath = "";
			projectRoot = "";
			targets = (
				4996569621AEFFA600576437 /* CC */,
			);
		};
/* End PBXProject section */

/* Begin PBXResourcesBuildPhase section */
		4996569521AEFFA600576437 /* Resources */ = {
			isa = PBXResourcesBuildPhase;
			buildActionMask = 2147483647;
			files = (
				4915557B21B7866A00453356 /* twitter_heart.json in Resources */,
				4915557721B77C2200453356 /* pop_heart.json in Resources */,
				499656A521AEFFA600576437 /* LaunchScreen.storyboard in Resources */,
				4915556D21B6CA3B00453356 /* MessageAnswerTableViewCell.xib in Resources */,
				4976661C21B4622400AB98FB /* Home.storyboard in Resources */,
				499656A221AEFFA600576437 /* Assets.xcassets in Resources */,
				4915557F21B787AC00453356 /* like.json in Resources */,
				499656A021AEFFA600576437 /* Main.storyboard in Resources */,
				4915556921B6CA0500453356 /* MessageTableViewCell.xib in Resources */,
				4976662021B4624200AB98FB /* MyPage.storyboard in Resources */,
				4976661A21B4621F00AB98FB /* Sign.storyboard in Resources */,
				4915557921B77C6A00453356 /* heart.json in Resources */,
				4976661E21B4623B00AB98FB /* Notification.storyboard in Resources */,
				4915556521B6C9F700453356 /* TopMessageTableViewCell.xib in Resources */,
				4915557D21B7876A00453356 /* favorite.json in Resources */,
				4915557121B6CA7000453356 /* MessageHeaderTableViewCell.xib in Resources */,
			);
			runOnlyForDeploymentPostprocessing = 0;
		};
/* End PBXResourcesBuildPhase section */

/* Begin PBXShellScriptBuildPhase section */
		460C99EFF3DA604C9ACBAE20 /* [CP] Embed Pods Frameworks */ = {
			isa = PBXShellScriptBuildPhase;
			buildActionMask = 2147483647;
			files = (
			);
			inputFileListPaths = (
			);
			inputPaths = (
				"${SRCROOT}/Pods/Target Support Files/Pods-CC/Pods-CC-frameworks.sh",
				"${BUILT_PRODUCTS_DIR}/RAMAnimatedTabBarController/RAMAnimatedTabBarController.framework",
				"${BUILT_PRODUCTS_DIR}/lottie-ios/Lottie.framework",
			);
			name = "[CP] Embed Pods Frameworks";
			outputFileListPaths = (
			);
			outputPaths = (
				"${TARGET_BUILD_DIR}/${FRAMEWORKS_FOLDER_PATH}/RAMAnimatedTabBarController.framework",
				"${TARGET_BUILD_DIR}/${FRAMEWORKS_FOLDER_PATH}/Lottie.framework",
			);
			runOnlyForDeploymentPostprocessing = 0;
			shellPath = /bin/sh;
			shellScript = "\"${SRCROOT}/Pods/Target Support Files/Pods-CC/Pods-CC-frameworks.sh\"\n";
			showEnvVarsInLog = 0;
		};
		AD4306ED55C9AF63FA99B912 /* [CP] Check Pods Manifest.lock */ = {
			isa = PBXShellScriptBuildPhase;
			buildActionMask = 2147483647;
			files = (
			);
			inputFileListPaths = (
			);
			inputPaths = (
				"${PODS_PODFILE_DIR_PATH}/Podfile.lock",
				"${PODS_ROOT}/Manifest.lock",
			);
			name = "[CP] Check Pods Manifest.lock";
			outputFileListPaths = (
			);
			outputPaths = (
				"$(DERIVED_FILE_DIR)/Pods-CC-checkManifestLockResult.txt",
			);
			runOnlyForDeploymentPostprocessing = 0;
			shellPath = /bin/sh;
			shellScript = "diff \"${PODS_PODFILE_DIR_PATH}/Podfile.lock\" \"${PODS_ROOT}/Manifest.lock\" > /dev/null\nif [ $? != 0 ] ; then\n    # print error to STDERR\n    echo \"error: The sandbox is not in sync with the Podfile.lock. Run 'pod install' or update your CocoaPods installation.\" >&2\n    exit 1\nfi\n# This output is used by Xcode 'outputs' to avoid re-running this script phase.\necho \"SUCCESS\" > \"${SCRIPT_OUTPUT_FILE_0}\"\n";
			showEnvVarsInLog = 0;
		};
/* End PBXShellScriptBuildPhase section */

/* Begin PBXSourcesBuildPhase section */
		4996569321AEFFA600576437 /* Sources */ = {
			isa = PBXSourcesBuildPhase;
			buildActionMask = 2147483647;
			files = (
				4976663421B56B1D00AB98FB /* LoginHomeViewController.swift in Sources */,
				4976662821B5278900AB98FB /* UIView+CC.swift in Sources */,
				4976663C21B5738700AB98FB /* UILabel+Color.swift in Sources */,
				4976662421B5272700AB98FB /* UIStoryboard+CC.swift in Sources */,
				4976662621B5275000AB98FB /* UIView+Shadow.swift in Sources */,
				4915556421B6C9F700453356 /* TopMessageTableViewCell.swift in Sources */,
				4915556C21B6CA3B00453356 /* MessageAnswerTableViewCell.swift in Sources */,
				4976663621B56B2D00AB98FB /* SignUpViewController.swift in Sources */,
				4915557021B6CA7000453356 /* MessageHeaderTableViewCell.swift in Sources */,
				4976663221B52F3600AB98FB /* HomeViewController.swift in Sources */,
				4915556821B6CA0500453356 /* MessageTableViewCell.swift in Sources */,
				4996569B21AEFFA600576437 /* AppDelegate.swift in Sources */,
				4976662C21B52EEF00AB98FB /* NotificationMainViewController.swift in Sources */,
				4976662221B5270D00AB98FB /* TableView+CC.swift in Sources */,
				4915555C21B6C41C00453356 /* AskHomeViewController.swift in Sources */,
				4976663A21B56ED100AB98FB /* UIViewController+Navigationbar.swift in Sources */,
				4976662A21B5281600AB98FB /* UIColor+CC.swift in Sources */,
			);
			runOnlyForDeploymentPostprocessing = 0;
		};
/* End PBXSourcesBuildPhase section */

/* Begin PBXVariantGroup section */
		4996569E21AEFFA600576437 /* Main.storyboard */ = {
			isa = PBXVariantGroup;
			children = (
				4996569F21AEFFA600576437 /* Base */,
			);
			name = Main.storyboard;
			sourceTree = "<group>";
		};
		499656A321AEFFA600576437 /* LaunchScreen.storyboard */ = {
			isa = PBXVariantGroup;
			children = (
				499656A421AEFFA600576437 /* Base */,
			);
			name = LaunchScreen.storyboard;
			sourceTree = "<group>";
		};
/* End PBXVariantGroup section */

/* Begin XCBuildConfiguration section */
		499656A721AEFFA600576437 /* Debug */ = {
			isa = XCBuildConfiguration;
			buildSettings = {
				ALWAYS_SEARCH_USER_PATHS = NO;
				CLANG_ANALYZER_NONNULL = YES;
				CLANG_ANALYZER_NUMBER_OBJECT_CONVERSION = YES_AGGRESSIVE;
				CLANG_CXX_LANGUAGE_STANDARD = "gnu++14";
				CLANG_CXX_LIBRARY = "libc++";
				CLANG_ENABLE_MODULES = YES;
				CLANG_ENABLE_OBJC_ARC = YES;
				CLANG_ENABLE_OBJC_WEAK = YES;
				CLANG_WARN_BLOCK_CAPTURE_AUTORELEASING = YES;
				CLANG_WARN_BOOL_CONVERSION = YES;
				CLANG_WARN_COMMA = YES;
				CLANG_WARN_CONSTANT_CONVERSION = YES;
				CLANG_WARN_DEPRECATED_OBJC_IMPLEMENTATIONS = YES;
				CLANG_WARN_DIRECT_OBJC_ISA_USAGE = YES_ERROR;
				CLANG_WARN_DOCUMENTATION_COMMENTS = YES;
				CLANG_WARN_EMPTY_BODY = YES;
				CLANG_WARN_ENUM_CONVERSION = YES;
				CLANG_WARN_INFINITE_RECURSION = YES;
				CLANG_WARN_INT_CONVERSION = YES;
				CLANG_WARN_NON_LITERAL_NULL_CONVERSION = YES;
				CLANG_WARN_OBJC_IMPLICIT_RETAIN_SELF = YES;
				CLANG_WARN_OBJC_LITERAL_CONVERSION = YES;
				CLANG_WARN_OBJC_ROOT_CLASS = YES_ERROR;
				CLANG_WARN_RANGE_LOOP_ANALYSIS = YES;
				CLANG_WARN_STRICT_PROTOTYPES = YES;
				CLANG_WARN_SUSPICIOUS_MOVE = YES;
				CLANG_WARN_UNGUARDED_AVAILABILITY = YES_AGGRESSIVE;
				CLANG_WARN_UNREACHABLE_CODE = YES;
				CLANG_WARN__DUPLICATE_METHOD_MATCH = YES;
				CODE_SIGN_IDENTITY = "iPhone Developer";
				COPY_PHASE_STRIP = NO;
				DEBUG_INFORMATION_FORMAT = dwarf;
				ENABLE_STRICT_OBJC_MSGSEND = YES;
				ENABLE_TESTABILITY = YES;
				GCC_C_LANGUAGE_STANDARD = gnu11;
				GCC_DYNAMIC_NO_PIC = NO;
				GCC_NO_COMMON_BLOCKS = YES;
				GCC_OPTIMIZATION_LEVEL = 0;
				GCC_PREPROCESSOR_DEFINITIONS = (
					"DEBUG=1",
					"$(inherited)",
				);
				GCC_WARN_64_TO_32_BIT_CONVERSION = YES;
				GCC_WARN_ABOUT_RETURN_TYPE = YES_ERROR;
				GCC_WARN_UNDECLARED_SELECTOR = YES;
				GCC_WARN_UNINITIALIZED_AUTOS = YES_AGGRESSIVE;
				GCC_WARN_UNUSED_FUNCTION = YES;
				GCC_WARN_UNUSED_VARIABLE = YES;
				IPHONEOS_DEPLOYMENT_TARGET = 12.1;
				MTL_ENABLE_DEBUG_INFO = INCLUDE_SOURCE;
				MTL_FAST_MATH = YES;
				ONLY_ACTIVE_ARCH = YES;
				SDKROOT = iphoneos;
				SWIFT_ACTIVE_COMPILATION_CONDITIONS = DEBUG;
				SWIFT_OPTIMIZATION_LEVEL = "-Onone";
			};
			name = Debug;
		};
		499656A821AEFFA600576437 /* Release */ = {
			isa = XCBuildConfiguration;
			buildSettings = {
				ALWAYS_SEARCH_USER_PATHS = NO;
				CLANG_ANALYZER_NONNULL = YES;
				CLANG_ANALYZER_NUMBER_OBJECT_CONVERSION = YES_AGGRESSIVE;
				CLANG_CXX_LANGUAGE_STANDARD = "gnu++14";
				CLANG_CXX_LIBRARY = "libc++";
				CLANG_ENABLE_MODULES = YES;
				CLANG_ENABLE_OBJC_ARC = YES;
				CLANG_ENABLE_OBJC_WEAK = YES;
				CLANG_WARN_BLOCK_CAPTURE_AUTORELEASING = YES;
				CLANG_WARN_BOOL_CONVERSION = YES;
				CLANG_WARN_COMMA = YES;
				CLANG_WARN_CONSTANT_CONVERSION = YES;
				CLANG_WARN_DEPRECATED_OBJC_IMPLEMENTATIONS = YES;
				CLANG_WARN_DIRECT_OBJC_ISA_USAGE = YES_ERROR;
				CLANG_WARN_DOCUMENTATION_COMMENTS = YES;
				CLANG_WARN_EMPTY_BODY = YES;
				CLANG_WARN_ENUM_CONVERSION = YES;
				CLANG_WARN_INFINITE_RECURSION = YES;
				CLANG_WARN_INT_CONVERSION = YES;
				CLANG_WARN_NON_LITERAL_NULL_CONVERSION = YES;
				CLANG_WARN_OBJC_IMPLICIT_RETAIN_SELF = YES;
				CLANG_WARN_OBJC_LITERAL_CONVERSION = YES;
				CLANG_WARN_OBJC_ROOT_CLASS = YES_ERROR;
				CLANG_WARN_RANGE_LOOP_ANALYSIS = YES;
				CLANG_WARN_STRICT_PROTOTYPES = YES;
				CLANG_WARN_SUSPICIOUS_MOVE = YES;
				CLANG_WARN_UNGUARDED_AVAILABILITY = YES_AGGRESSIVE;
				CLANG_WARN_UNREACHABLE_CODE = YES;
				CLANG_WARN__DUPLICATE_METHOD_MATCH = YES;
				CODE_SIGN_IDENTITY = "iPhone Developer";
				COPY_PHASE_STRIP = NO;
				DEBUG_INFORMATION_FORMAT = "dwarf-with-dsym";
				ENABLE_NS_ASSERTIONS = NO;
				ENABLE_STRICT_OBJC_MSGSEND = YES;
				GCC_C_LANGUAGE_STANDARD = gnu11;
				GCC_NO_COMMON_BLOCKS = YES;
				GCC_WARN_64_TO_32_BIT_CONVERSION = YES;
				GCC_WARN_ABOUT_RETURN_TYPE = YES_ERROR;
				GCC_WARN_UNDECLARED_SELECTOR = YES;
				GCC_WARN_UNINITIALIZED_AUTOS = YES_AGGRESSIVE;
				GCC_WARN_UNUSED_FUNCTION = YES;
				GCC_WARN_UNUSED_VARIABLE = YES;
				IPHONEOS_DEPLOYMENT_TARGET = 12.1;
				MTL_ENABLE_DEBUG_INFO = NO;
				MTL_FAST_MATH = YES;
				SDKROOT = iphoneos;
				SWIFT_COMPILATION_MODE = wholemodule;
				SWIFT_OPTIMIZATION_LEVEL = "-O";
				VALIDATE_PRODUCT = YES;
			};
			name = Release;
		};
		499656AA21AEFFA600576437 /* Debug */ = {
			isa = XCBuildConfiguration;
			baseConfigurationReference = D3B58D3E3B3938E3B3E72A2C /* Pods-CC.debug.xcconfig */;
			buildSettings = {
				ASSETCATALOG_COMPILER_APPICON_NAME = AppIcon;
				CODE_SIGN_STYLE = Automatic;
				DEVELOPMENT_TEAM = JDW2U9U8KM;
				INFOPLIST_FILE = "$(SRCROOT)/CC/SupportingFiles/Info.plist";
				IPHONEOS_DEPLOYMENT_TARGET = 11.3;
				LD_RUNPATH_SEARCH_PATHS = (
					"$(inherited)",
					"@executable_path/Frameworks",
				);
				PRODUCT_BUNDLE_IDENTIFIER = com.hyejin.CC;
				PRODUCT_NAME = "$(TARGET_NAME)";
				SWIFT_VERSION = 4.2;
				TARGETED_DEVICE_FAMILY = "1,2";
			};
			name = Debug;
		};
		499656AB21AEFFA600576437 /* Release */ = {
			isa = XCBuildConfiguration;
			baseConfigurationReference = F392C98A89DF1FD44DC790F4 /* Pods-CC.release.xcconfig */;
			buildSettings = {
				ASSETCATALOG_COMPILER_APPICON_NAME = AppIcon;
				CODE_SIGN_STYLE = Automatic;
				DEVELOPMENT_TEAM = JDW2U9U8KM;
				INFOPLIST_FILE = "$(SRCROOT)/CC/SupportingFiles/Info.plist";
				IPHONEOS_DEPLOYMENT_TARGET = 11.3;
				LD_RUNPATH_SEARCH_PATHS = (
					"$(inherited)",
					"@executable_path/Frameworks",
				);
				PRODUCT_BUNDLE_IDENTIFIER = com.hyejin.CC;
				PRODUCT_NAME = "$(TARGET_NAME)";
				SWIFT_VERSION = 4.2;
				TARGETED_DEVICE_FAMILY = "1,2";
			};
			name = Release;
		};
/* End XCBuildConfiguration section */

/* Begin XCConfigurationList section */
		4996569221AEFFA600576437 /* Build configuration list for PBXProject "CC" */ = {
			isa = XCConfigurationList;
			buildConfigurations = (
				499656A721AEFFA600576437 /* Debug */,
				499656A821AEFFA600576437 /* Release */,
			);
			defaultConfigurationIsVisible = 0;
			defaultConfigurationName = Release;
		};
		499656A921AEFFA600576437 /* Build configuration list for PBXNativeTarget "CC" */ = {
			isa = XCConfigurationList;
			buildConfigurations = (
				499656AA21AEFFA600576437 /* Debug */,
				499656AB21AEFFA600576437 /* Release */,
			);
			defaultConfigurationIsVisible = 0;
			defaultConfigurationName = Release;
		};
/* End XCConfigurationList section */
	};
	rootObject = 4996568F21AEFFA600576437 /* Project object */;
}
